
Microsoft Visual Studio Solution File, Format Version 12.00
# Visual Studio Version 16
VisualStudioVersion = 16.0.32428.217
MinimumVisualStudioVersion = 10.0.40219.1
Project("{FAE04EC0-301F-11D3-BF4B-00C04F79EFBC}") = "ExcelTest", "ExcelTest\ExcelTest.csproj", "{C13B4F83-49DB-48BD-9F47-7023A855E165}"
	ProjectSection(ProjectDependencies) = postProject
		{E933B31B-E3C2-455E-AD62-F711757E9085} = {E933B31B-E3C2-455E-AD62-F711757E9085}
	EndProjectSection
EndProject
Project("{FAE04EC0-301F-11D3-BF4B-00C04F79EFBC}") = "ExcelHelper", "ExcelHelper\ExcelHelper.csproj", "{E933B31B-E3C2-455E-AD62-F711757E9085}"
EndProject
Global
	GlobalSection(SolutionConfigurationPlatforms) = preSolution
		Debug|Any CPU = Debug|Any CPU
		Release|Any CPU = Release|Any CPU
	EndGlobalSection
	GlobalSection(ProjectConfigurationPlatforms) = postSolution
		{C13B4F83-49DB-48BD-9F47-7023A855E165}.Debug|Any CPU.ActiveCfg = Debug|Any CPU
		{C13B4F83-49DB-48BD-9F47-7023A855E165}.Debug|Any CPU.Build.0 = Debug|Any CPU
		{C13B4F83-49DB-48BD-9F47-7023A855E165}.Release|Any CPU.ActiveCfg = Release|Any CPU
		{C13B4F83-49DB-48BD-9F47-7023A855E165}.Release|Any CPU.Build.0 = Release|Any CPU
		{E933B31B-E3C2-455E-AD62-F711757E9085}.Debug|Any CPU.ActiveCfg = Debug|Any CPU
		{E933B31B-E3C2-455E-AD62-F711757E9085}.Debug|Any CPU.Build.0 = Debug|Any CPU
		{E933B31B-E3C2-455E-AD62-F711757E9085}.Release|Any CPU.ActiveCfg = Release|Any CPU
		{E933B31B-E3C2-455E-AD62-F711757E9085}.Release|Any CPU.Build.0 = Release|Any CPU
	EndGlobalSection
	GlobalSection(SolutionProperties) = preSolution
		HideSolutionNode = FALSE
	EndGlobalSection
	GlobalSection(ExtensibilityGlobals) = postSolution
		SolutionGuid = {1243A4EE-5EEF-4B3D-BBEA-B77466AFDDEC}
	EndGlobalSection
EndGlobal
